
Microsoft Visual Studio Solution File, Format Version 12.00
# Visual Studio Version 17
VisualStudioVersion = 17.13.35828.75 d17.13
MinimumVisualStudioVersion = 10.0.40219.1
Project("{FAE04EC0-301F-11D3-BF4B-00C04F79EFBC}") = "webdev-project010", "webdev-project010.csproj", "{DF3FE1FD-1D74-4FE0-8FD7-7B11816AD216}"
EndProject
Global
	GlobalSection(SolutionConfigurationPlatforms) = preSolution
		Debug|Any CPU = Debug|Any CPU
		Release|Any CPU = Release|Any CPU
	EndGlobalSection
	GlobalSection(ProjectConfigurationPlatforms) = postSolution
		{DF3FE1FD-1D74-4FE0-8FD7-7B11816AD216}.Debug|Any CPU.ActiveCfg = Debug|Any CPU
		{DF3FE1FD-1D74-4FE0-8FD7-7B11816AD216}.Debug|Any CPU.Build.0 = Debug|Any CPU
		{DF3FE1FD-1D74-4FE0-8FD7-7B11816AD216}.Release|Any CPU.ActiveCfg = Release|Any CPU
		{DF3FE1FD-1D74-4FE0-8FD7-7B11816AD216}.Release|Any CPU.Build.0 = Release|Any CPU
	EndGlobalSection
	GlobalSection(SolutionProperties) = preSolution
		HideSolutionNode = FALSE
	EndGlobalSection
	GlobalSection(ExtensibilityGlobals) = postSolution
		SolutionGuid = {6F134EEA-1640-4E1C-8A2E-C9226FD6B171}
	EndGlobalSection
EndGlobal
